// !$*UTF8*$!
{
	archiveVersion = 1;
	classes = {
	};
	objectVersion = 46;
	objects = {

/* Begin PBXBuildFile section */
		96D7DDA615C2507B00199B36 /* Foundation.framework in Frameworks */ = {isa = PBXBuildFile; fileRef = 96D7DDA515C2507B00199B36 /* Foundation.framework */; };
		96D7DDAB15C2507B00199B36 /* MBase.h in CopyFiles */ = {isa = PBXBuildFile; fileRef = 96D7DDAA15C2507B00199B36 /* MBase.h */; };
		96D7DDAD15C2507B00199B36 /* MBase.m in Sources */ = {isa = PBXBuildFile; fileRef = 96D7DDAC15C2507B00199B36 /* MBase.m */; };
		96D7DDB515C2507B00199B36 /* SenTestingKit.framework in Frameworks */ = {isa = PBXBuildFile; fileRef = 96D7DDB415C2507B00199B36 /* SenTestingKit.framework */; };
		96D7DDB715C2507B00199B36 /* UIKit.framework in Frameworks */ = {isa = PBXBuildFile; fileRef = 96D7DDB615C2507B00199B36 /* UIKit.framework */; };
		96D7DDB815C2507B00199B36 /* Foundation.framework in Frameworks */ = {isa = PBXBuildFile; fileRef = 96D7DDA515C2507B00199B36 /* Foundation.framework */; };
		96D7DDBB15C2507B00199B36 /* libMBase.a in Frameworks */ = {isa = PBXBuildFile; fileRef = 96D7DDA215C2507B00199B36 /* libMBase.a */; };
		96D7DDC115C2507B00199B36 /* InfoPlist.strings in Resources */ = {isa = PBXBuildFile; fileRef = 96D7DDBF15C2507B00199B36 /* InfoPlist.strings */; };
		96D7DDC415C2507B00199B36 /* MBaseTests.m in Sources */ = {isa = PBXBuildFile; fileRef = 96D7DDC315C2507B00199B36 /* MBaseTests.m */; };
		96D7DDCF15C251D500199B36 /* NSString+base64.m in Sources */ = {isa = PBXBuildFile; fileRef = 96D7DDCE15C251D500199B36 /* NSString+base64.m */; };
		96D7DDEA15C251E400199B36 /* NSObject+SBJson.m in Sources */ = {isa = PBXBuildFile; fileRef = 96D7DDD215C251E400199B36 /* NSObject+SBJson.m */; };
		96D7DDEB15C251E400199B36 /* SBJsonParser.m in Sources */ = {isa = PBXBuildFile; fileRef = 96D7DDD515C251E400199B36 /* SBJsonParser.m */; };
		96D7DDEC15C251E400199B36 /* SBJsonStreamParser.m in Sources */ = {isa = PBXBuildFile; fileRef = 96D7DDD715C251E400199B36 /* SBJsonStreamParser.m */; };
		96D7DDED15C251E400199B36 /* SBJsonStreamParserAccumulator.m in Sources */ = {isa = PBXBuildFile; fileRef = 96D7DDD915C251E400199B36 /* SBJsonStreamParserAccumulator.m */; };
		96D7DDEE15C251E400199B36 /* SBJsonStreamParserAdapter.m in Sources */ = {isa = PBXBuildFile; fileRef = 96D7DDDB15C251E400199B36 /* SBJsonStreamParserAdapter.m */; };
		96D7DDEF15C251E400199B36 /* SBJsonStreamParserState.m in Sources */ = {isa = PBXBuildFile; fileRef = 96D7DDDD15C251E400199B36 /* SBJsonStreamParserState.m */; };
		96D7DDF015C251E400199B36 /* SBJsonStreamWriter.m in Sources */ = {isa = PBXBuildFile; fileRef = 96D7DDDF15C251E400199B36 /* SBJsonStreamWriter.m */; };
		96D7DDF115C251E400199B36 /* SBJsonStreamWriterAccumulator.m in Sources */ = {isa = PBXBuildFile; fileRef = 96D7DDE115C251E400199B36 /* SBJsonStreamWriterAccumulator.m */; };
		96D7DDF215C251E400199B36 /* SBJsonStreamWriterState.m in Sources */ = {isa = PBXBuildFile; fileRef = 96D7DDE315C251E400199B36 /* SBJsonStreamWriterState.m */; };
		96D7DDF315C251E400199B36 /* SBJsonTokeniser.m in Sources */ = {isa = PBXBuildFile; fileRef = 96D7DDE515C251E400199B36 /* SBJsonTokeniser.m */; };
		96D7DDF415C251E400199B36 /* SBJsonUTF8Stream.m in Sources */ = {isa = PBXBuildFile; fileRef = 96D7DDE715C251E400199B36 /* SBJsonUTF8Stream.m */; };
		96D7DDF515C251E400199B36 /* SBJsonWriter.m in Sources */ = {isa = PBXBuildFile; fileRef = 96D7DDE915C251E400199B36 /* SBJsonWriter.m */; };
		96D7DDF815C2529D00199B36 /* NSObject+Properties.m in Sources */ = {isa = PBXBuildFile; fileRef = 96D7DDF715C2529D00199B36 /* NSObject+Properties.m */; settings = {COMPILER_FLAGS = "-fno-objc-arc"; }; };
		96D7DDFB15C252D400199B36 /* NSString+PropertyKVC.m in Sources */ = {isa = PBXBuildFile; fileRef = 96D7DDFA15C252D400199B36 /* NSString+PropertyKVC.m */; settings = {COMPILER_FLAGS = "-fno-objc-arc"; }; };
/* End PBXBuildFile section */

/* Begin PBXContainerItemProxy section */
		96D7DDB915C2507B00199B36 /* PBXContainerItemProxy */ = {
			isa = PBXContainerItemProxy;
			containerPortal = 96D7DD9915C2507B00199B36 /* Project object */;
			proxyType = 1;
			remoteGlobalIDString = 96D7DDA115C2507B00199B36;
			remoteInfo = MBase;
		};
/* End PBXContainerItemProxy section */

/* Begin PBXCopyFilesBuildPhase section */
		96D7DDA015C2507B00199B36 /* CopyFiles */ = {
			isa = PBXCopyFilesBuildPhase;
			buildActionMask = 2147483647;
			dstPath = "include/${PRODUCT_NAME}";
			dstSubfolderSpec = 16;
			files = (
				96D7DDAB15C2507B00199B36 /* MBase.h in CopyFiles */,
			);
			runOnlyForDeploymentPostprocessing = 0;
		};
/* End PBXCopyFilesBuildPhase section */

/* Begin PBXFileReference section */
		96D7DDA215C2507B00199B36 /* libMBase.a */ = {isa = PBXFileReference; explicitFileType = archive.ar; includeInIndex = 0; path = libMBase.a; sourceTree = BUILT_PRODUCTS_DIR; };
		96D7DDA515C2507B00199B36 /* Foundation.framework */ = {isa = PBXFileReference; lastKnownFileType = wrapper.framework; name = Foundation.framework; path = System/Library/Frameworks/Foundation.framework; sourceTree = SDKROOT; };
		96D7DDA915C2507B00199B36 /* MBase-Prefix.pch */ = {isa = PBXFileReference; lastKnownFileType = sourcecode.c.h; path = "MBase-Prefix.pch"; sourceTree = "<group>"; };
		96D7DDAA15C2507B00199B36 /* MBase.h */ = {isa = PBXFileReference; lastKnownFileType = sourcecode.c.h; path = MBase.h; sourceTree = "<group>"; };
		96D7DDAC15C2507B00199B36 /* MBase.m */ = {isa = PBXFileReference; lastKnownFileType = sourcecode.c.objc; path = MBase.m; sourceTree = "<group>"; };
		96D7DDB315C2507B00199B36 /* MBaseTests.octest */ = {isa = PBXFileReference; explicitFileType = wrapper.cfbundle; includeInIndex = 0; path = MBaseTests.octest; sourceTree = BUILT_PRODUCTS_DIR; };
		96D7DDB415C2507B00199B36 /* SenTestingKit.framework */ = {isa = PBXFileReference; lastKnownFileType = wrapper.framework; name = SenTestingKit.framework; path = Library/Frameworks/SenTestingKit.framework; sourceTree = DEVELOPER_DIR; };
		96D7DDB615C2507B00199B36 /* UIKit.framework */ = {isa = PBXFileReference; lastKnownFileType = wrapper.framework; name = UIKit.framework; path = Library/Frameworks/UIKit.framework; sourceTree = DEVELOPER_DIR; };
		96D7DDBE15C2507B00199B36 /* MBaseTests-Info.plist */ = {isa = PBXFileReference; lastKnownFileType = text.plist.xml; path = "MBaseTests-Info.plist"; sourceTree = "<group>"; };
		96D7DDC015C2507B00199B36 /* en */ = {isa = PBXFileReference; lastKnownFileType = text.plist.strings; name = en; path = en.lproj/InfoPlist.strings; sourceTree = "<group>"; };
		96D7DDC215C2507B00199B36 /* MBaseTests.h */ = {isa = PBXFileReference; lastKnownFileType = sourcecode.c.h; path = MBaseTests.h; sourceTree = "<group>"; };
		96D7DDC315C2507B00199B36 /* MBaseTests.m */ = {isa = PBXFileReference; lastKnownFileType = sourcecode.c.objc; path = MBaseTests.m; sourceTree = "<group>"; };
		96D7DDCD15C251D500199B36 /* NSString+base64.h */ = {isa = PBXFileReference; fileEncoding = 4; lastKnownFileType = sourcecode.c.h; path = "NSString+base64.h"; sourceTree = "<group>"; };
		96D7DDCE15C251D500199B36 /* NSString+base64.m */ = {isa = PBXFileReference; fileEncoding = 4; lastKnownFileType = sourcecode.c.objc; path = "NSString+base64.m"; sourceTree = "<group>"; };
		96D7DDD115C251E400199B36 /* NSObject+SBJson.h */ = {isa = PBXFileReference; fileEncoding = 4; lastKnownFileType = sourcecode.c.h; path = "NSObject+SBJson.h"; sourceTree = "<group>"; };
		96D7DDD215C251E400199B36 /* NSObject+SBJson.m */ = {isa = PBXFileReference; fileEncoding = 4; lastKnownFileType = sourcecode.c.objc; path = "NSObject+SBJson.m"; sourceTree = "<group>"; };
		96D7DDD315C251E400199B36 /* SBJson.h */ = {isa = PBXFileReference; fileEncoding = 4; lastKnownFileType = sourcecode.c.h; path = SBJson.h; sourceTree = "<group>"; };
		96D7DDD415C251E400199B36 /* SBJsonParser.h */ = {isa = PBXFileReference; fileEncoding = 4; lastKnownFileType = sourcecode.c.h; path = SBJsonParser.h; sourceTree = "<group>"; };
		96D7DDD515C251E400199B36 /* SBJsonParser.m */ = {isa = PBXFileReference; fileEncoding = 4; lastKnownFileType = sourcecode.c.objc; path = SBJsonParser.m; sourceTree = "<group>"; };
		96D7DDD615C251E400199B36 /* SBJsonStreamParser.h */ = {isa = PBXFileReference; fileEncoding = 4; lastKnownFileType = sourcecode.c.h; path = SBJsonStreamParser.h; sourceTree = "<group>"; };
		96D7DDD715C251E400199B36 /* SBJsonStreamParser.m */ = {isa = PBXFileReference; fileEncoding = 4; lastKnownFileType = sourcecode.c.objc; path = SBJsonStreamParser.m; sourceTree = "<group>"; };
		96D7DDD815C251E400199B36 /* SBJsonStreamParserAccumulator.h */ = {isa = PBXFileReference; fileEncoding = 4; lastKnownFileType = sourcecode.c.h; path = SBJsonStreamParserAccumulator.h; sourceTree = "<group>"; };
		96D7DDD915C251E400199B36 /* SBJsonStreamParserAccumulator.m */ = {isa = PBXFileReference; fileEncoding = 4; lastKnownFileType = sourcecode.c.objc; path = SBJsonStreamParserAccumulator.m; sourceTree = "<group>"; };
		96D7DDDA15C251E400199B36 /* SBJsonStreamParserAdapter.h */ = {isa = PBXFileReference; fileEncoding = 4; lastKnownFileType = sourcecode.c.h; path = SBJsonStreamParserAdapter.h; sourceTree = "<group>"; };
		96D7DDDB15C251E400199B36 /* SBJsonStreamParserAdapter.m */ = {isa = PBXFileReference; fileEncoding = 4; lastKnownFileType = sourcecode.c.objc; path = SBJsonStreamParserAdapter.m; sourceTree = "<group>"; };
		96D7DDDC15C251E400199B36 /* SBJsonStreamParserState.h */ = {isa = PBXFileReference; fileEncoding = 4; lastKnownFileType = sourcecode.c.h; path = SBJsonStreamParserState.h; sourceTree = "<group>"; };
		96D7DDDD15C251E400199B36 /* SBJsonStreamParserState.m */ = {isa = PBXFileReference; fileEncoding = 4; lastKnownFileType = sourcecode.c.objc; path = SBJsonStreamParserState.m; sourceTree = "<group>"; };
		96D7DDDE15C251E400199B36 /* SBJsonStreamWriter.h */ = {isa = PBXFileReference; fileEncoding = 4; lastKnownFileType = sourcecode.c.h; path = SBJsonStreamWriter.h; sourceTree = "<group>"; };
		96D7DDDF15C251E400199B36 /* SBJsonStreamWriter.m */ = {isa = PBXFileReference; fileEncoding = 4; lastKnownFileType = sourcecode.c.objc; path = SBJsonStreamWriter.m; sourceTree = "<group>"; };
		96D7DDE015C251E400199B36 /* SBJsonStreamWriterAccumulator.h */ = {isa = PBXFileReference; fileEncoding = 4; lastKnownFileType = sourcecode.c.h; path = SBJsonStreamWriterAccumulator.h; sourceTree = "<group>"; };
		96D7DDE115C251E400199B36 /* SBJsonStreamWriterAccumulator.m */ = {isa = PBXFileReference; fileEncoding = 4; lastKnownFileType = sourcecode.c.objc; path = SBJsonStreamWriterAccumulator.m; sourceTree = "<group>"; };
		96D7DDE215C251E400199B36 /* SBJsonStreamWriterState.h */ = {isa = PBXFileReference; fileEncoding = 4; lastKnownFileType = sourcecode.c.h; path = SBJsonStreamWriterState.h; sourceTree = "<group>"; };
		96D7DDE315C251E400199B36 /* SBJsonStreamWriterState.m */ = {isa = PBXFileReference; fileEncoding = 4; lastKnownFileType = sourcecode.c.objc; path = SBJsonStreamWriterState.m; sourceTree = "<group>"; };
		96D7DDE415C251E400199B36 /* SBJsonTokeniser.h */ = {isa = PBXFileReference; fileEncoding = 4; lastKnownFileType = sourcecode.c.h; path = SBJsonTokeniser.h; sourceTree = "<group>"; };
		96D7DDE515C251E400199B36 /* SBJsonTokeniser.m */ = {isa = PBXFileReference; fileEncoding = 4; lastKnownFileType = sourcecode.c.objc; path = SBJsonTokeniser.m; sourceTree = "<group>"; };
		96D7DDE615C251E400199B36 /* SBJsonUTF8Stream.h */ = {isa = PBXFileReference; fileEncoding = 4; lastKnownFileType = sourcecode.c.h; path = SBJsonUTF8Stream.h; sourceTree = "<group>"; };
		96D7DDE715C251E400199B36 /* SBJsonUTF8Stream.m */ = {isa = PBXFileReference; fileEncoding = 4; lastKnownFileType = sourcecode.c.objc; path = SBJsonUTF8Stream.m; sourceTree = "<group>"; };
		96D7DDE815C251E400199B36 /* SBJsonWriter.h */ = {isa = PBXFileReference; fileEncoding = 4; lastKnownFileType = sourcecode.c.h; path = SBJsonWriter.h; sourceTree = "<group>"; };
		96D7DDE915C251E400199B36 /* SBJsonWriter.m */ = {isa = PBXFileReference; fileEncoding = 4; lastKnownFileType = sourcecode.c.objc; path = SBJsonWriter.m; sourceTree = "<group>"; };
		96D7DDF615C2529D00199B36 /* NSObject+Properties.h */ = {isa = PBXFileReference; fileEncoding = 4; lastKnownFileType = sourcecode.c.h; path = "NSObject+Properties.h"; sourceTree = "<group>"; };
		96D7DDF715C2529D00199B36 /* NSObject+Properties.m */ = {isa = PBXFileReference; fileEncoding = 4; lastKnownFileType = sourcecode.c.objc; path = "NSObject+Properties.m"; sourceTree = "<group>"; };
		96D7DDF915C252D400199B36 /* NSString+PropertyKVC.h */ = {isa = PBXFileReference; fileEncoding = 4; lastKnownFileType = sourcecode.c.h; path = "NSString+PropertyKVC.h"; sourceTree = "<group>"; };
		96D7DDFA15C252D400199B36 /* NSString+PropertyKVC.m */ = {isa = PBXFileReference; fileEncoding = 4; lastKnownFileType = sourcecode.c.objc; path = "NSString+PropertyKVC.m"; sourceTree = "<group>"; };
/* End PBXFileReference section */

/* Begin PBXFrameworksBuildPhase section */
		96D7DD9F15C2507B00199B36 /* Frameworks */ = {
			isa = PBXFrameworksBuildPhase;
			buildActionMask = 2147483647;
			files = (
				96D7DDA615C2507B00199B36 /* Foundation.framework in Frameworks */,
			);
			runOnlyForDeploymentPostprocessing = 0;
		};
		96D7DDAF15C2507B00199B36 /* Frameworks */ = {
			isa = PBXFrameworksBuildPhase;
			buildActionMask = 2147483647;
			files = (
				96D7DDB515C2507B00199B36 /* SenTestingKit.framework in Frameworks */,
				96D7DDB715C2507B00199B36 /* UIKit.framework in Frameworks */,
				96D7DDB815C2507B00199B36 /* Foundation.framework in Frameworks */,
				96D7DDBB15C2507B00199B36 /* libMBase.a in Frameworks */,
			);
			runOnlyForDeploymentPostprocessing = 0;
		};
/* End PBXFrameworksBuildPhase section */

/* Begin PBXGroup section */
		96D7DD9715C2507B00199B36 = {
			isa = PBXGroup;
			children = (
				96D7DDD015C251E400199B36 /* SBJson */,
				96D7DDA715C2507B00199B36 /* MBase */,
				96D7DDBC15C2507B00199B36 /* MBaseTests */,
				96D7DDA415C2507B00199B36 /* Frameworks */,
				96D7DDA315C2507B00199B36 /* Products */,
			);
			sourceTree = "<group>";
		};
		96D7DDA315C2507B00199B36 /* Products */ = {
			isa = PBXGroup;
			children = (
				96D7DDA215C2507B00199B36 /* libMBase.a */,
				96D7DDB315C2507B00199B36 /* MBaseTests.octest */,
			);
			name = Products;
			sourceTree = "<group>";
		};
		96D7DDA415C2507B00199B36 /* Frameworks */ = {
			isa = PBXGroup;
			children = (
				96D7DDA515C2507B00199B36 /* Foundation.framework */,
				96D7DDB415C2507B00199B36 /* SenTestingKit.framework */,
				96D7DDB615C2507B00199B36 /* UIKit.framework */,
			);
			name = Frameworks;
			sourceTree = "<group>";
		};
		96D7DDA715C2507B00199B36 /* MBase */ = {
			isa = PBXGroup;
			children = (
				96D7DDAA15C2507B00199B36 /* MBase.h */,
				96D7DDAC15C2507B00199B36 /* MBase.m */,
				96D7DDA815C2507B00199B36 /* Supporting Files */,
			);
			path = MBase;
			sourceTree = "<group>";
		};
		96D7DDA815C2507B00199B36 /* Supporting Files */ = {
			isa = PBXGroup;
			children = (
				96D7DDF915C252D400199B36 /* NSString+PropertyKVC.h */,
				96D7DDFA15C252D400199B36 /* NSString+PropertyKVC.m */,
				96D7DDF615C2529D00199B36 /* NSObject+Properties.h */,
				96D7DDF715C2529D00199B36 /* NSObject+Properties.m */,
				96D7DDCD15C251D500199B36 /* NSString+base64.h */,
				96D7DDCE15C251D500199B36 /* NSString+base64.m */,
				96D7DDA915C2507B00199B36 /* MBase-Prefix.pch */,
			);
			name = "Supporting Files";
			sourceTree = "<group>";
		};
		96D7DDBC15C2507B00199B36 /* MBaseTests */ = {
			isa = PBXGroup;
			children = (
				96D7DDC215C2507B00199B36 /* MBaseTests.h */,
				96D7DDC315C2507B00199B36 /* MBaseTests.m */,
				96D7DDBD15C2507B00199B36 /* Supporting Files */,
			);
			path = MBaseTests;
			sourceTree = "<group>";
		};
		96D7DDBD15C2507B00199B36 /* Supporting Files */ = {
			isa = PBXGroup;
			children = (
				96D7DDBE15C2507B00199B36 /* MBaseTests-Info.plist */,
				96D7DDBF15C2507B00199B36 /* InfoPlist.strings */,
			);
			name = "Supporting Files";
			sourceTree = "<group>";
		};
		96D7DDD015C251E400199B36 /* SBJson */ = {
			isa = PBXGroup;
			children = (
				96D7DDD115C251E400199B36 /* NSObject+SBJson.h */,
				96D7DDD215C251E400199B36 /* NSObject+SBJson.m */,
				96D7DDD315C251E400199B36 /* SBJson.h */,
				96D7DDD415C251E400199B36 /* SBJsonParser.h */,
				96D7DDD515C251E400199B36 /* SBJsonParser.m */,
				96D7DDD615C251E400199B36 /* SBJsonStreamParser.h */,
				96D7DDD715C251E400199B36 /* SBJsonStreamParser.m */,
				96D7DDD815C251E400199B36 /* SBJsonStreamParserAccumulator.h */,
				96D7DDD915C251E400199B36 /* SBJsonStreamParserAccumulator.m */,
				96D7DDDA15C251E400199B36 /* SBJsonStreamParserAdapter.h */,
				96D7DDDB15C251E400199B36 /* SBJsonStreamParserAdapter.m */,
				96D7DDDC15C251E400199B36 /* SBJsonStreamParserState.h */,
				96D7DDDD15C251E400199B36 /* SBJsonStreamParserState.m */,
				96D7DDDE15C251E400199B36 /* SBJsonStreamWriter.h */,
				96D7DDDF15C251E400199B36 /* SBJsonStreamWriter.m */,
				96D7DDE015C251E400199B36 /* SBJsonStreamWriterAccumulator.h */,
				96D7DDE115C251E400199B36 /* SBJsonStreamWriterAccumulator.m */,
				96D7DDE215C251E400199B36 /* SBJsonStreamWriterState.h */,
				96D7DDE315C251E400199B36 /* SBJsonStreamWriterState.m */,
				96D7DDE415C251E400199B36 /* SBJsonTokeniser.h */,
				96D7DDE515C251E400199B36 /* SBJsonTokeniser.m */,
				96D7DDE615C251E400199B36 /* SBJsonUTF8Stream.h */,
				96D7DDE715C251E400199B36 /* SBJsonUTF8Stream.m */,
				96D7DDE815C251E400199B36 /* SBJsonWriter.h */,
				96D7DDE915C251E400199B36 /* SBJsonWriter.m */,
			);
			path = SBJson;
			sourceTree = "<group>";
		};
/* End PBXGroup section */

/* Begin PBXNativeTarget section */
		96D7DDA115C2507B00199B36 /* MBase */ = {
			isa = PBXNativeTarget;
			buildConfigurationList = 96D7DDC715C2507B00199B36 /* Build configuration list for PBXNativeTarget "MBase" */;
			buildPhases = (
				96D7DD9E15C2507B00199B36 /* Sources */,
				96D7DD9F15C2507B00199B36 /* Frameworks */,
				96D7DDA015C2507B00199B36 /* CopyFiles */,
			);
			buildRules = (
			);
			dependencies = (
			);
			name = MBase;
			productName = MBase;
			productReference = 96D7DDA215C2507B00199B36 /* libMBase.a */;
			productType = "com.apple.product-type.library.static";
		};
		96D7DDB215C2507B00199B36 /* MBaseTests */ = {
			isa = PBXNativeTarget;
			buildConfigurationList = 96D7DDCA15C2507B00199B36 /* Build configuration list for PBXNativeTarget "MBaseTests" */;
			buildPhases = (
				96D7DDAE15C2507B00199B36 /* Sources */,
				96D7DDAF15C2507B00199B36 /* Frameworks */,
				96D7DDB015C2507B00199B36 /* Resources */,
				96D7DDB115C2507B00199B36 /* ShellScript */,
			);
			buildRules = (
			);
			dependencies = (
				96D7DDBA15C2507B00199B36 /* PBXTargetDependency */,
			);
			name = MBaseTests;
			productName = MBaseTests;
			productReference = 96D7DDB315C2507B00199B36 /* MBaseTests.octest */;
			productType = "com.apple.product-type.bundle";
		};
/* End PBXNativeTarget section */

/* Begin PBXProject section */
		96D7DD9915C2507B00199B36 /* Project object */ = {
			isa = PBXProject;
			attributes = {
				LastUpgradeCheck = 0450;
				ORGANIZATIONNAME = "Waterfield Technologies";
			};
			buildConfigurationList = 96D7DD9C15C2507B00199B36 /* Build configuration list for PBXProject "MBase" */;
			compatibilityVersion = "Xcode 3.2";
			developmentRegion = English;
			hasScannedForEncodings = 0;
			knownRegions = (
				en,
			);
			mainGroup = 96D7DD9715C2507B00199B36;
			productRefGroup = 96D7DDA315C2507B00199B36 /* Products */;
			projectDirPath = "";
			projectRoot = "";
			targets = (
				96D7DDA115C2507B00199B36 /* MBase */,
				96D7DDB215C2507B00199B36 /* MBaseTests */,
			);
		};
/* End PBXProject section */

/* Begin PBXResourcesBuildPhase section */
		96D7DDB015C2507B00199B36 /* Resources */ = {
			isa = PBXResourcesBuildPhase;
			buildActionMask = 2147483647;
			files = (
				96D7DDC115C2507B00199B36 /* InfoPlist.strings in Resources */,
			);
			runOnlyForDeploymentPostprocessing = 0;
		};
/* End PBXResourcesBuildPhase section */

/* Begin PBXShellScriptBuildPhase section */
		96D7DDB115C2507B00199B36 /* ShellScript */ = {
			isa = PBXShellScriptBuildPhase;
			buildActionMask = 2147483647;
			files = (
			);
			inputPaths = (
			);
			outputPaths = (
			);
			runOnlyForDeploymentPostprocessing = 0;
			shellPath = /bin/sh;
			shellScript = "# Run the unit tests in this test bundle.\n\"${SYSTEM_DEVELOPER_DIR}/Tools/RunUnitTests\"\n";
		};
/* End PBXShellScriptBuildPhase section */

/* Begin PBXSourcesBuildPhase section */
		96D7DD9E15C2507B00199B36 /* Sources */ = {
			isa = PBXSourcesBuildPhase;
			buildActionMask = 2147483647;
			files = (
				96D7DDAD15C2507B00199B36 /* MBase.m in Sources */,
				96D7DDCF15C251D500199B36 /* NSString+base64.m in Sources */,
				96D7DDEA15C251E400199B36 /* NSObject+SBJson.m in Sources */,
				96D7DDEB15C251E400199B36 /* SBJsonParser.m in Sources */,
				96D7DDEC15C251E400199B36 /* SBJsonStreamParser.m in Sources */,
				96D7DDED15C251E400199B36 /* SBJsonStreamParserAccumulator.m in Sources */,
				96D7DDEE15C251E400199B36 /* SBJsonStreamParserAdapter.m in Sources */,
				96D7DDEF15C251E400199B36 /* SBJsonStreamParserState.m in Sources */,
				96D7DDF015C251E400199B36 /* SBJsonStreamWriter.m in Sources */,
				96D7DDF115C251E400199B36 /* SBJsonStreamWriterAccumulator.m in Sources */,
				96D7DDF215C251E400199B36 /* SBJsonStreamWriterState.m in Sources */,
				96D7DDF315C251E400199B36 /* SBJsonTokeniser.m in Sources */,
				96D7DDF415C251E400199B36 /* SBJsonUTF8Stream.m in Sources */,
				96D7DDF515C251E400199B36 /* SBJsonWriter.m in Sources */,
				96D7DDF815C2529D00199B36 /* NSObject+Properties.m in Sources */,
				96D7DDFB15C252D400199B36 /* NSString+PropertyKVC.m in Sources */,
			);
			runOnlyForDeploymentPostprocessing = 0;
		};
		96D7DDAE15C2507B00199B36 /* Sources */ = {
			isa = PBXSourcesBuildPhase;
			buildActionMask = 2147483647;
			files = (
				96D7DDC415C2507B00199B36 /* MBaseTests.m in Sources */,
			);
			runOnlyForDeploymentPostprocessing = 0;
		};
/* End PBXSourcesBuildPhase section */

/* Begin PBXTargetDependency section */
		96D7DDBA15C2507B00199B36 /* PBXTargetDependency */ = {
			isa = PBXTargetDependency;
			target = 96D7DDA115C2507B00199B36 /* MBase */;
			targetProxy = 96D7DDB915C2507B00199B36 /* PBXContainerItemProxy */;
		};
/* End PBXTargetDependency section */

/* Begin PBXVariantGroup section */
		96D7DDBF15C2507B00199B36 /* InfoPlist.strings */ = {
			isa = PBXVariantGroup;
			children = (
				96D7DDC015C2507B00199B36 /* en */,
			);
			name = InfoPlist.strings;
			sourceTree = "<group>";
		};
/* End PBXVariantGroup section */

/* Begin XCBuildConfiguration section */
		96D7DDC515C2507B00199B36 /* Debug */ = {
			isa = XCBuildConfiguration;
			buildSettings = {
				ALWAYS_SEARCH_USER_PATHS = NO;
				CLANG_CXX_LANGUAGE_STANDARD = "gnu++0x";
				CLANG_CXX_LIBRARY = "libc++";
				CLANG_ENABLE_OBJC_ARC = YES;
				CLANG_WARN__DUPLICATE_METHOD_MATCH = YES;
				COPY_PHASE_STRIP = NO;
				GCC_C_LANGUAGE_STANDARD = gnu99;
				GCC_DYNAMIC_NO_PIC = NO;
				GCC_OPTIMIZATION_LEVEL = 0;
				GCC_PREPROCESSOR_DEFINITIONS = (
					"DEBUG=1",
					"$(inherited)",
				);
				GCC_SYMBOLS_PRIVATE_EXTERN = NO;
				GCC_WARN_ABOUT_RETURN_TYPE = YES;
				GCC_WARN_UNINITIALIZED_AUTOS = YES;
				GCC_WARN_UNUSED_VARIABLE = YES;
				IPHONEOS_DEPLOYMENT_TARGET = 6.0;
				SDKROOT = iphoneos;
			};
			name = Debug;
		};
		96D7DDC615C2507B00199B36 /* Release */ = {
			isa = XCBuildConfiguration;
			buildSettings = {
				ALWAYS_SEARCH_USER_PATHS = NO;
				CLANG_CXX_LANGUAGE_STANDARD = "gnu++0x";
				CLANG_CXX_LIBRARY = "libc++";
				CLANG_ENABLE_OBJC_ARC = YES;
				CLANG_WARN__DUPLICATE_METHOD_MATCH = YES;
				COPY_PHASE_STRIP = YES;
				GCC_C_LANGUAGE_STANDARD = gnu99;
				GCC_WARN_ABOUT_RETURN_TYPE = YES;
				GCC_WARN_UNINITIALIZED_AUTOS = YES;
				GCC_WARN_UNUSED_VARIABLE = YES;
				IPHONEOS_DEPLOYMENT_TARGET = 6.0;
				SDKROOT = iphoneos;
				VALIDATE_PRODUCT = YES;
			};
			name = Release;
		};
		96D7DDC815C2507B00199B36 /* Debug */ = {
			isa = XCBuildConfiguration;
			buildSettings = {
				DSTROOT = /tmp/MBase.dst;
				GCC_PRECOMPILE_PREFIX_HEADER = YES;
				GCC_PREFIX_HEADER = "MBase/MBase-Prefix.pch";
				OTHER_LDFLAGS = "-ObjC";
				PRODUCT_NAME = "$(TARGET_NAME)";
				SKIP_INSTALL = YES;
			};
			name = Debug;
		};
		96D7DDC915C2507B00199B36 /* Release */ = {
			isa = XCBuildConfiguration;
			buildSettings = {
				DSTROOT = /tmp/MBase.dst;
				GCC_PRECOMPILE_PREFIX_HEADER = YES;
				GCC_PREFIX_HEADER = "MBase/MBase-Prefix.pch";
				OTHER_LDFLAGS = "-ObjC";
				PRODUCT_NAME = "$(TARGET_NAME)";
				SKIP_INSTALL = YES;
			};
			name = Release;
		};
		96D7DDCB15C2507B00199B36 /* Debug */ = {
			isa = XCBuildConfiguration;
			buildSettings = {
				FRAMEWORK_SEARCH_PATHS = (
					"\"$(SDKROOT)/Developer/Library/Frameworks\"",
					"\"$(DEVELOPER_LIBRARY_DIR)/Frameworks\"",
				);
				GCC_PRECOMPILE_PREFIX_HEADER = YES;
				GCC_PREFIX_HEADER = "MBase/MBase-Prefix.pch";
				INFOPLIST_FILE = "MBaseTests/MBaseTests-Info.plist";
				PRODUCT_NAME = "$(TARGET_NAME)";
				WRAPPER_EXTENSION = octest;
			};
			name = Debug;
		};
		96D7DDCC15C2507B00199B36 /* Release */ = {
			isa = XCBuildConfiguration;
			buildSettings = {
				FRAMEWORK_SEARCH_PATHS = (
					"\"$(SDKROOT)/Developer/Library/Frameworks\"",
					"\"$(DEVELOPER_LIBRARY_DIR)/Frameworks\"",
				);
				GCC_PRECOMPILE_PREFIX_HEADER = YES;
				GCC_PREFIX_HEADER = "MBase/MBase-Prefix.pch";
				INFOPLIST_FILE = "MBaseTests/MBaseTests-Info.plist";
				PRODUCT_NAME = "$(TARGET_NAME)";
				WRAPPER_EXTENSION = octest;
			};
			name = Release;
		};
/* End XCBuildConfiguration section */

/* Begin XCConfigurationList section */
		96D7DD9C15C2507B00199B36 /* Build configuration list for PBXProject "MBase" */ = {
			isa = XCConfigurationList;
			buildConfigurations = (
				96D7DDC515C2507B00199B36 /* Debug */,
				96D7DDC615C2507B00199B36 /* Release */,
			);
			defaultConfigurationIsVisible = 0;
			defaultConfigurationName = Release;
		};
		96D7DDC715C2507B00199B36 /* Build configuration list for PBXNativeTarget "MBase" */ = {
			isa = XCConfigurationList;
			buildConfigurations = (
				96D7DDC815C2507B00199B36 /* Debug */,
				96D7DDC915C2507B00199B36 /* Release */,
			);
			defaultConfigurationIsVisible = 0;
		};
		96D7DDCA15C2507B00199B36 /* Build configuration list for PBXNativeTarget "MBaseTests" */ = {
			isa = XCConfigurationList;
			buildConfigurations = (
				96D7DDCB15C2507B00199B36 /* Debug */,
				96D7DDCC15C2507B00199B36 /* Release */,
			);
			defaultConfigurationIsVisible = 0;
		};
/* End XCConfigurationList section */
	};
	rootObject = 96D7DD9915C2507B00199B36 /* Project object */;
}
